
Microsoft Visual Studio Solution File, Format Version 12.00
# Visual Studio Version 17
VisualStudioVersion = 17.14.36518.9
MinimumVisualStudioVersion = 10.0.40219.1
Project("{FAE04EC0-301F-11D3-BF4B-00C04F79EFBC}") = "VehicleAllocation.Api", "VehicleAllocation.Api\VehicleAllocation.Api.csproj", "{F9A7F91E-339F-442A-8A5C-0C4157BD4763}"
EndProject
Project("{FAE04EC0-301F-11D3-BF4B-00C04F79EFBC}") = "VehicleAllocation.SQL", "VehicleAllocation.SQL\VehicleAllocation.SQL.csproj", "{ABED9E18-F8FB-4AC0-9EEA-EB15BE229A4A}"
EndProject
Project("{FAE04EC0-301F-11D3-BF4B-00C04F79EFBC}") = "VehicleAllocation.Tests", "VehicleAllocation.Tests\VehicleAllocation.Tests.csproj", "{A87E563E-2E66-4950-A03C-25DFAC1A62A6}"
EndProject
Global
	GlobalSection(SolutionConfigurationPlatforms) = preSolution
		Debug|Any CPU = Debug|Any CPU
		Release|Any CPU = Release|Any CPU
	EndGlobalSection
	GlobalSection(ProjectConfigurationPlatforms) = postSolution
		{F9A7F91E-339F-442A-8A5C-0C4157BD4763}.Debug|Any CPU.ActiveCfg = Debug|Any CPU
		{F9A7F91E-339F-442A-8A5C-0C4157BD4763}.Debug|Any CPU.Build.0 = Debug|Any CPU
		{F9A7F91E-339F-442A-8A5C-0C4157BD4763}.Release|Any CPU.ActiveCfg = Release|Any CPU
		{F9A7F91E-339F-442A-8A5C-0C4157BD4763}.Release|Any CPU.Build.0 = Release|Any CPU
		{ABED9E18-F8FB-4AC0-9EEA-EB15BE229A4A}.Debug|Any CPU.ActiveCfg = Debug|Any CPU
		{ABED9E18-F8FB-4AC0-9EEA-EB15BE229A4A}.Debug|Any CPU.Build.0 = Debug|Any CPU
		{ABED9E18-F8FB-4AC0-9EEA-EB15BE229A4A}.Release|Any CPU.ActiveCfg = Release|Any CPU
		{ABED9E18-F8FB-4AC0-9EEA-EB15BE229A4A}.Release|Any CPU.Build.0 = Release|Any CPU
		{A87E563E-2E66-4950-A03C-25DFAC1A62A6}.Debug|Any CPU.ActiveCfg = Debug|Any CPU
		{A87E563E-2E66-4950-A03C-25DFAC1A62A6}.Debug|Any CPU.Build.0 = Debug|Any CPU
		{A87E563E-2E66-4950-A03C-25DFAC1A62A6}.Release|Any CPU.ActiveCfg = Release|Any CPU
		{A87E563E-2E66-4950-A03C-25DFAC1A62A6}.Release|Any CPU.Build.0 = Release|Any CPU
	EndGlobalSection
	GlobalSection(SolutionProperties) = preSolution
		HideSolutionNode = FALSE
	EndGlobalSection
	GlobalSection(ExtensibilityGlobals) = postSolution
		SolutionGuid = {83C7F3EE-8AAA-42C3-AACD-0C2837017162}
	EndGlobalSection
EndGlobal
